// !$*UTF8*$!
{
	archiveVersion = 1;
	classes = {
	};
	objectVersion = 48;
	objects = {

/* Begin PBXBuildFile section */
		4F15694E1F0A1E60005FA98F /* AppDelegate.m in Sources */ = {isa = PBXBuildFile; fileRef = 4F15694D1F0A1E60005FA98F /* AppDelegate.m */; };
		4F1569511F0A1E60005FA98F /* ViewController.m in Sources */ = {isa = PBXBuildFile; fileRef = 4F1569501F0A1E60005FA98F /* ViewController.m */; };
		4F1569541F0A1E60005FA98F /* Main.storyboard in Resources */ = {isa = PBXBuildFile; fileRef = 4F1569521F0A1E60005FA98F /* Main.storyboard */; };
		4F1569561F0A1E60005FA98F /* Assets.xcassets in Resources */ = {isa = PBXBuildFile; fileRef = 4F1569551F0A1E60005FA98F /* Assets.xcassets */; };
		4F1569591F0A1E60005FA98F /* LaunchScreen.storyboard in Resources */ = {isa = PBXBuildFile; fileRef = 4F1569571F0A1E60005FA98F /* LaunchScreen.storyboard */; };
		4F15695C1F0A1E60005FA98F /* main.m in Sources */ = {isa = PBXBuildFile; fileRef = 4F15695B1F0A1E60005FA98F /* main.m */; };
		4F1569691F0A21BF005FA98F /* exchangeMethodViewController.m in Sources */ = {isa = PBXBuildFile; fileRef = 4F1569681F0A21BF005FA98F /* exchangeMethodViewController.m */; };
		4F15696E1F0A2295005FA98F /* UIViewController+HanccExchangeMethod.m in Sources */ = {isa = PBXBuildFile; fileRef = 4F15696D1F0A2295005FA98F /* UIViewController+HanccExchangeMethod.m */; };
		4F1593631F0B94AF00176DB4 /* HanccGetPropertyMethod.m in Sources */ = {isa = PBXBuildFile; fileRef = 4F1593621F0B94AF00176DB4 /* HanccGetPropertyMethod.m */; };
		4F4268691F0B301F00C38A07 /* UIView+HanccExchangeMethod.m in Sources */ = {isa = PBXBuildFile; fileRef = 4F4268681F0B301F00C38A07 /* UIView+HanccExchangeMethod.m */; };
		4F42686C1F0B3CD600C38A07 /* UILabel+HanccExchangeMethod.m in Sources */ = {isa = PBXBuildFile; fileRef = 4F42686B1F0B3CD600C38A07 /* UILabel+HanccExchangeMethod.m */; };
		4FCA14771F0B65CD00EAD1CA /* addPropertyViewController.m in Sources */ = {isa = PBXBuildFile; fileRef = 4FCA14761F0B65CD00EAD1CA /* addPropertyViewController.m */; };
		4FCA147A1F0B678800EAD1CA /* Person.m in Sources */ = {isa = PBXBuildFile; fileRef = 4FCA14791F0B678800EAD1CA /* Person.m */; };
		4FCA147D1F0B683C00EAD1CA /* Person+HanccAddProperty.m in Sources */ = {isa = PBXBuildFile; fileRef = 4FCA147C1F0B683C00EAD1CA /* Person+HanccAddProperty.m */; };
		4FCA14811F0B715700EAD1CA /* getPrivateViewController.m in Sources */ = {isa = PBXBuildFile; fileRef = 4FCA14801F0B715700EAD1CA /* getPrivateViewController.m */; };
		4FCA14841F0B764F00EAD1CA /* getPropertyMethod.m in Sources */ = {isa = PBXBuildFile; fileRef = 4FCA14831F0B764F00EAD1CA /* getPropertyMethod.m */; };
/* End PBXBuildFile section */

/* Begin PBXFileReference section */
		4F1569491F0A1E60005FA98F /* Runtime_ UserScene.app */ = {isa = PBXFileReference; explicitFileType = wrapper.application; includeInIndex = 0; path = "Runtime_ UserScene.app"; sourceTree = BUILT_PRODUCTS_DIR; };
		4F15694C1F0A1E60005FA98F /* AppDelegate.h */ = {isa = PBXFileReference; lastKnownFileType = sourcecode.c.h; path = AppDelegate.h; sourceTree = "<group>"; };
		4F15694D1F0A1E60005FA98F /* AppDelegate.m */ = {isa = PBXFileReference; lastKnownFileType = sourcecode.c.objc; path = AppDelegate.m; sourceTree = "<group>"; };
		4F15694F1F0A1E60005FA98F /* ViewController.h */ = {isa = PBXFileReference; lastKnownFileType = sourcecode.c.h; path = ViewController.h; sourceTree = "<group>"; };
		4F1569501F0A1E60005FA98F /* ViewController.m */ = {isa = PBXFileReference; lastKnownFileType = sourcecode.c.objc; path = ViewController.m; sourceTree = "<group>"; };
		4F1569531F0A1E60005FA98F /* Base */ = {isa = PBXFileReference; lastKnownFileType = file.storyboard; name = Base; path = Base.lproj/Main.storyboard; sourceTree = "<group>"; };
		4F1569551F0A1E60005FA98F /* Assets.xcassets */ = {isa = PBXFileReference; lastKnownFileType = folder.assetcatalog; path = Assets.xcassets; sourceTree = "<group>"; };
		4F1569581F0A1E60005FA98F /* Base */ = {isa = PBXFileReference; lastKnownFileType = file.storyboard; name = Base; path = Base.lproj/LaunchScreen.storyboard; sourceTree = "<group>"; };
		4F15695A1F0A1E60005FA98F /* Info.plist */ = {isa = PBXFileReference; lastKnownFileType = text.plist.xml; path = Info.plist; sourceTree = "<group>"; };
		4F15695B1F0A1E60005FA98F /* main.m */ = {isa = PBXFileReference; lastKnownFileType = sourcecode.c.objc; path = main.m; sourceTree = "<group>"; };
		4F1569671F0A21BF005FA98F /* exchangeMethodViewController.h */ = {isa = PBXFileReference; lastKnownFileType = sourcecode.c.h; path = exchangeMethodViewController.h; sourceTree = "<group>"; };
		4F1569681F0A21BF005FA98F /* exchangeMethodViewController.m */ = {isa = PBXFileReference; lastKnownFileType = sourcecode.c.objc; path = exchangeMethodViewController.m; sourceTree = "<group>"; };
		4F15696C1F0A2295005FA98F /* UIViewController+HanccExchangeMethod.h */ = {isa = PBXFileReference; lastKnownFileType = sourcecode.c.h; path = "UIViewController+HanccExchangeMethod.h"; sourceTree = "<group>"; };
		4F15696D1F0A2295005FA98F /* UIViewController+HanccExchangeMethod.m */ = {isa = PBXFileReference; lastKnownFileType = sourcecode.c.objc; path = "UIViewController+HanccExchangeMethod.m"; sourceTree = "<group>"; };
		4F1593611F0B94AF00176DB4 /* HanccGetPropertyMethod.h */ = {isa = PBXFileReference; lastKnownFileType = sourcecode.c.h; path = HanccGetPropertyMethod.h; sourceTree = "<group>"; };
		4F1593621F0B94AF00176DB4 /* HanccGetPropertyMethod.m */ = {isa = PBXFileReference; lastKnownFileType = sourcecode.c.objc; path = HanccGetPropertyMethod.m; sourceTree = "<group>"; };
		4F4268671F0B301F00C38A07 /* UIView+HanccExchangeMethod.h */ = {isa = PBXFileReference; lastKnownFileType = sourcecode.c.h; path = "UIView+HanccExchangeMethod.h"; sourceTree = "<group>"; };
		4F4268681F0B301F00C38A07 /* UIView+HanccExchangeMethod.m */ = {isa = PBXFileReference; lastKnownFileType = sourcecode.c.objc; path = "UIView+HanccExchangeMethod.m"; sourceTree = "<group>"; };
		4F42686A1F0B3CD600C38A07 /* UILabel+HanccExchangeMethod.h */ = {isa = PBXFileReference; lastKnownFileType = sourcecode.c.h; path = "UILabel+HanccExchangeMethod.h"; sourceTree = "<group>"; };
		4F42686B1F0B3CD600C38A07 /* UILabel+HanccExchangeMethod.m */ = {isa = PBXFileReference; lastKnownFileType = sourcecode.c.objc; path = "UILabel+HanccExchangeMethod.m"; sourceTree = "<group>"; };
		4FCA14751F0B65CD00EAD1CA /* addPropertyViewController.h */ = {isa = PBXFileReference; lastKnownFileType = sourcecode.c.h; path = addPropertyViewController.h; sourceTree = "<group>"; };
		4FCA14761F0B65CD00EAD1CA /* addPropertyViewController.m */ = {isa = PBXFileReference; lastKnownFileType = sourcecode.c.objc; path = addPropertyViewController.m; sourceTree = "<group>"; };
		4FCA14781F0B678800EAD1CA /* Person.h */ = {isa = PBXFileReference; lastKnownFileType = sourcecode.c.h; path = Person.h; sourceTree = "<group>"; };
		4FCA14791F0B678800EAD1CA /* Person.m */ = {isa = PBXFileReference; lastKnownFileType = sourcecode.c.objc; path = Person.m; sourceTree = "<group>"; };
		4FCA147B1F0B683C00EAD1CA /* Person+HanccAddProperty.h */ = {isa = PBXFileReference; lastKnownFileType = sourcecode.c.h; path = "Person+HanccAddProperty.h"; sourceTree = "<group>"; };
		4FCA147C1F0B683C00EAD1CA /* Person+HanccAddProperty.m */ = {isa = PBXFileReference; lastKnownFileType = sourcecode.c.objc; path = "Person+HanccAddProperty.m"; sourceTree = "<group>"; };
		4FCA147F1F0B715700EAD1CA /* getPrivateViewController.h */ = {isa = PBXFileReference; lastKnownFileType = sourcecode.c.h; path = getPrivateViewController.h; sourceTree = "<group>"; };
		4FCA14801F0B715700EAD1CA /* getPrivateViewController.m */ = {isa = PBXFileReference; lastKnownFileType = sourcecode.c.objc; path = getPrivateViewController.m; sourceTree = "<group>"; };
		4FCA14821F0B764F00EAD1CA /* getPropertyMethod.h */ = {isa = PBXFileReference; lastKnownFileType = sourcecode.c.h; path = getPropertyMethod.h; sourceTree = "<group>"; };
		4FCA14831F0B764F00EAD1CA /* getPropertyMethod.m */ = {isa = PBXFileReference; lastKnownFileType = sourcecode.c.objc; path = getPropertyMethod.m; sourceTree = "<group>"; };
/* End PBXFileReference section */

/* Begin PBXFrameworksBuildPhase section */
		4F1569461F0A1E60005FA98F /* Frameworks */ = {
			isa = PBXFrameworksBuildPhase;
			buildActionMask = 2147483647;
			files = (
			);
			runOnlyForDeploymentPostprocessing = 0;
		};
/* End PBXFrameworksBuildPhase section */

/* Begin PBXGroup section */
		4F1569401F0A1E60005FA98F = {
			isa = PBXGroup;
			children = (
				4F15694B1F0A1E60005FA98F /* Runtime_ UserScene */,
				4F15694A1F0A1E60005FA98F /* Products */,
			);
			sourceTree = "<group>";
		};
		4F15694A1F0A1E60005FA98F /* Products */ = {
			isa = PBXGroup;
			children = (
				4F1569491F0A1E60005FA98F /* Runtime_ UserScene.app */,
			);
			name = Products;
			sourceTree = "<group>";
		};
		4F15694B1F0A1E60005FA98F /* Runtime_ UserScene */ = {
			isa = PBXGroup;
			children = (
				4F15695A1F0A1E60005FA98F /* Info.plist */,
				4F1569621F0A1E69005FA98F /* Other */,
				4F1569631F0A1E7D005FA98F /* Main */,
			);
			path = "Runtime_ UserScene";
			sourceTree = "<group>";
		};
		4F1569621F0A1E69005FA98F /* Other */ = {
			isa = PBXGroup;
			children = (
				4F1569551F0A1E60005FA98F /* Assets.xcassets */,
				4F1569571F0A1E60005FA98F /* LaunchScreen.storyboard */,
				4F15695B1F0A1E60005FA98F /* main.m */,
				4F15694C1F0A1E60005FA98F /* AppDelegate.h */,
				4F15694D1F0A1E60005FA98F /* AppDelegate.m */,
			);
			path = Other;
			sourceTree = "<group>";
		};
		4F1569631F0A1E7D005FA98F /* Main */ = {
			isa = PBXGroup;
			children = (
				4F15696A1F0A2213005FA98F /* 场景1交换方法 */,
				4FCA14741F0B65BD00EAD1CA /* 场景2添加属性 */,
				4FCA147E1F0B711000EAD1CA /* 场景3获取私有属性和方法 */,
				4F15694F1F0A1E60005FA98F /* ViewController.h */,
				4F1569501F0A1E60005FA98F /* ViewController.m */,
				4F1569521F0A1E60005FA98F /* Main.storyboard */,
			);
			path = Main;
			sourceTree = "<group>";
		};
		4F15696A1F0A2213005FA98F /* 场景1交换方法 */ = {
			isa = PBXGroup;
			children = (
				4F15696C1F0A2295005FA98F /* UIViewController+HanccExchangeMethod.h */,
				4F15696D1F0A2295005FA98F /* UIViewController+HanccExchangeMethod.m */,
				4F4268671F0B301F00C38A07 /* UIView+HanccExchangeMethod.h */,
				4F4268681F0B301F00C38A07 /* UIView+HanccExchangeMethod.m */,
				4F42686A1F0B3CD600C38A07 /* UILabel+HanccExchangeMethod.h */,
				4F42686B1F0B3CD600C38A07 /* UILabel+HanccExchangeMethod.m */,
				4F1569671F0A21BF005FA98F /* exchangeMethodViewController.h */,
				4F1569681F0A21BF005FA98F /* exchangeMethodViewController.m */,
			);
			path = "场景1交换方法";
			sourceTree = "<group>";
		};
		4FCA14741F0B65BD00EAD1CA /* 场景2添加属性 */ = {
			isa = PBXGroup;
			children = (
				4FCA14781F0B678800EAD1CA /* Person.h */,
				4FCA14791F0B678800EAD1CA /* Person.m */,
				4FCA147B1F0B683C00EAD1CA /* Person+HanccAddProperty.h */,
				4FCA147C1F0B683C00EAD1CA /* Person+HanccAddProperty.m */,
				4FCA14751F0B65CD00EAD1CA /* addPropertyViewController.h */,
				4FCA14761F0B65CD00EAD1CA /* addPropertyViewController.m */,
			);
			path = "场景2添加属性";
			sourceTree = "<group>";
		};
		4FCA147E1F0B711000EAD1CA /* 场景3获取私有属性和方法 */ = {
			isa = PBXGroup;
			children = (
				4FCA147F1F0B715700EAD1CA /* getPrivateViewController.h */,
				4FCA14801F0B715700EAD1CA /* getPrivateViewController.m */,
				4FCA14821F0B764F00EAD1CA /* getPropertyMethod.h */,
				4FCA14831F0B764F00EAD1CA /* getPropertyMethod.m */,
				4F1593611F0B94AF00176DB4 /* HanccGetPropertyMethod.h */,
				4F1593621F0B94AF00176DB4 /* HanccGetPropertyMethod.m */,
			);
			path = "场景3获取私有属性和方法";
			sourceTree = "<group>";
		};
/* End PBXGroup section */

/* Begin PBXNativeTarget section */
		4F1569481F0A1E60005FA98F /* Runtime_ UserScene */ = {
			isa = PBXNativeTarget;
			buildConfigurationList = 4F15695F1F0A1E60005FA98F /* Build configuration list for PBXNativeTarget "Runtime_ UserScene" */;
			buildPhases = (
				4F1569451F0A1E60005FA98F /* Sources */,
				4F1569461F0A1E60005FA98F /* Frameworks */,
				4F1569471F0A1E60005FA98F /* Resources */,
			);
			buildRules = (
			);
			dependencies = (
			);
			name = "Runtime_ UserScene";
			productName = "Runtime_ UserScene";
			productReference = 4F1569491F0A1E60005FA98F /* Runtime_ UserScene.app */;
			productType = "com.apple.product-type.application";
		};
/* End PBXNativeTarget section */

/* Begin PBXProject section */
		4F1569411F0A1E60005FA98F /* Project object */ = {
			isa = PBXProject;
			attributes = {
				LastUpgradeCheck = 0900;
				ORGANIZATIONNAME = Hancc;
				TargetAttributes = {
					4F1569481F0A1E60005FA98F = {
						CreatedOnToolsVersion = 9.0;
					};
				};
			};
			buildConfigurationList = 4F1569441F0A1E60005FA98F /* Build configuration list for PBXProject "Runtime_ UserScene" */;
			compatibilityVersion = "Xcode 8.0";
			developmentRegion = en;
			hasScannedForEncodings = 0;
			knownRegions = (
				en,
				Base,
			);
			mainGroup = 4F1569401F0A1E60005FA98F;
			productRefGroup = 4F15694A1F0A1E60005FA98F /* Products */;
			projectDirPath = "";
			projectRoot = "";
			targets = (
				4F1569481F0A1E60005FA98F /* Runtime_ UserScene */,
			);
		};
/* End PBXProject section */

/* Begin PBXResourcesBuildPhase section */
		4F1569471F0A1E60005FA98F /* Resources */ = {
			isa = PBXResourcesBuildPhase;
			buildActionMask = 2147483647;
			files = (
				4F1569591F0A1E60005FA98F /* LaunchScreen.storyboard in Resources */,
				4F1569561F0A1E60005FA98F /* Assets.xcassets in Resources */,
				4F1569541F0A1E60005FA98F /* Main.storyboard in Resources */,
			);
			runOnlyForDeploymentPostprocessing = 0;
		};
/* End PBXResourcesBuildPhase section */

/* Begin PBXSourcesBuildPhase section */
		4F1569451F0A1E60005FA98F /* Sources */ = {
			isa = PBXSourcesBuildPhase;
			buildActionMask = 2147483647;
			files = (
				4F4268691F0B301F00C38A07 /* UIView+HanccExchangeMethod.m in Sources */,
				4F1569691F0A21BF005FA98F /* exchangeMethodViewController.m in Sources */,
				4F1569511F0A1E60005FA98F /* ViewController.m in Sources */,
				4FCA14771F0B65CD00EAD1CA /* addPropertyViewController.m in Sources */,
				4FCA14841F0B764F00EAD1CA /* getPropertyMethod.m in Sources */,
				4F1593631F0B94AF00176DB4 /* HanccGetPropertyMethod.m in Sources */,
				4F15696E1F0A2295005FA98F /* UIViewController+HanccExchangeMethod.m in Sources */,
				4FCA147D1F0B683C00EAD1CA /* Person+HanccAddProperty.m in Sources */,
				4F15695C1F0A1E60005FA98F /* main.m in Sources */,
				4FCA147A1F0B678800EAD1CA /* Person.m in Sources */,
				4F42686C1F0B3CD600C38A07 /* UILabel+HanccExchangeMethod.m in Sources */,
				4FCA14811F0B715700EAD1CA /* getPrivateViewController.m in Sources */,
				4F15694E1F0A1E60005FA98F /* AppDelegate.m in Sources */,
			);
			runOnlyForDeploymentPostprocessing = 0;
		};
/* End PBXSourcesBuildPhase section */

/* Begin PBXVariantGroup section */
		4F1569521F0A1E60005FA98F /* Main.storyboard */ = {
			isa = PBXVariantGroup;
			children = (
				4F1569531F0A1E60005FA98F /* Base */,
			);
			name = Main.storyboard;
			sourceTree = "<group>";
		};
		4F1569571F0A1E60005FA98F /* LaunchScreen.storyboard */ = {
			isa = PBXVariantGroup;
			children = (
				4F1569581F0A1E60005FA98F /* Base */,
			);
			name = LaunchScreen.storyboard;
			sourceTree = "<group>";
		};
/* End PBXVariantGroup section */

/* Begin XCBuildConfiguration section */
		4F15695D1F0A1E60005FA98F /* Debug */ = {
			isa = XCBuildConfiguration;
			buildSettings = {
				ALWAYS_SEARCH_USER_PATHS = NO;
				CLANG_ANALYZER_NONNULL = YES;
				CLANG_ANALYZER_NUMBER_OBJECT_CONVERSION = YES_AGGRESSIVE;
				CLANG_CXX_LANGUAGE_STANDARD = "gnu++14";
				CLANG_CXX_LIBRARY = "libc++";
				CLANG_ENABLE_MODULES = YES;
				CLANG_ENABLE_OBJC_ARC = YES;
				CLANG_WARN_BLOCK_CAPTURE_AUTORELEASING = YES;
				CLANG_WARN_BOOL_CONVERSION = YES;
				CLANG_WARN_COMMA = YES;
				CLANG_WARN_CONSTANT_CONVERSION = YES;
				CLANG_WARN_DIRECT_OBJC_ISA_USAGE = YES_ERROR;
				CLANG_WARN_DOCUMENTATION_COMMENTS = YES;
				CLANG_WARN_EMPTY_BODY = YES;
				CLANG_WARN_ENUM_CONVERSION = YES;
				CLANG_WARN_INFINITE_RECURSION = YES;
				CLANG_WARN_INT_CONVERSION = YES;
				CLANG_WARN_OBJC_ROOT_CLASS = YES_ERROR;
				CLANG_WARN_RANGE_LOOP_ANALYSIS = YES;
				CLANG_WARN_STRICT_PROTOTYPES = YES;
				CLANG_WARN_SUSPICIOUS_MOVE = YES;
				CLANG_WARN_UNGUARDED_AVAILABILITY = YES_AGGRESSIVE;
				CLANG_WARN_UNREACHABLE_CODE = YES;
				CLANG_WARN__DUPLICATE_METHOD_MATCH = YES;
				CODE_SIGN_IDENTITY = "iPhone Developer";
				COPY_PHASE_STRIP = NO;
				DEBUG_INFORMATION_FORMAT = dwarf;
				ENABLE_STRICT_OBJC_MSGSEND = YES;
				ENABLE_TESTABILITY = YES;
				GCC_C_LANGUAGE_STANDARD = gnu11;
				GCC_DYNAMIC_NO_PIC = NO;
				GCC_NO_COMMON_BLOCKS = YES;
				GCC_OPTIMIZATION_LEVEL = 0;
				GCC_PREPROCESSOR_DEFINITIONS = (
					"DEBUG=1",
					"$(inherited)",
				);
				GCC_WARN_64_TO_32_BIT_CONVERSION = YES;
				GCC_WARN_ABOUT_RETURN_TYPE = YES_ERROR;
				GCC_WARN_UNDECLARED_SELECTOR = YES;
				GCC_WARN_UNINITIALIZED_AUTOS = YES_AGGRESSIVE;
				GCC_WARN_UNUSED_FUNCTION = YES;
				GCC_WARN_UNUSED_VARIABLE = YES;
				IPHONEOS_DEPLOYMENT_TARGET = 11.0;
				MTL_ENABLE_DEBUG_INFO = YES;
				ONLY_ACTIVE_ARCH = YES;
				SDKROOT = iphoneos;
			};
			name = Debug;
		};
		4F15695E1F0A1E60005FA98F /* Release */ = {
			isa = XCBuildConfiguration;
			buildSettings = {
				ALWAYS_SEARCH_USER_PATHS = NO;
				CLANG_ANALYZER_NONNULL = YES;
				CLANG_ANALYZER_NUMBER_OBJECT_CONVERSION = YES_AGGRESSIVE;
				CLANG_CXX_LANGUAGE_STANDARD = "gnu++14";
				CLANG_CXX_LIBRARY = "libc++";
				CLANG_ENABLE_MODULES = YES;
				CLANG_ENABLE_OBJC_ARC = YES;
				CLANG_WARN_BLOCK_CAPTURE_AUTORELEASING = YES;
				CLANG_WARN_BOOL_CONVERSION = YES;
				CLANG_WARN_COMMA = YES;
				CLANG_WARN_CONSTANT_CONVERSION = YES;
				CLANG_WARN_DIRECT_OBJC_ISA_USAGE = YES_ERROR;
				CLANG_WARN_DOCUMENTATION_COMMENTS = YES;
				CLANG_WARN_EMPTY_BODY = YES;
				CLANG_WARN_ENUM_CONVERSION = YES;
				CLANG_WARN_INFINITE_RECURSION = YES;
				CLANG_WARN_INT_CONVERSION = YES;
				CLANG_WARN_OBJC_ROOT_CLASS = YES_ERROR;
				CLANG_WARN_RANGE_LOOP_ANALYSIS = YES;
				CLANG_WARN_STRICT_PROTOTYPES = YES;
				CLANG_WARN_SUSPICIOUS_MOVE = YES;
				CLANG_WARN_UNGUARDED_AVAILABILITY = YES_AGGRESSIVE;
				CLANG_WARN_UNREACHABLE_CODE = YES;
				CLANG_WARN__DUPLICATE_METHOD_MATCH = YES;
				CODE_SIGN_IDENTITY = "iPhone Developer";
				COPY_PHASE_STRIP = NO;
				DEBUG_INFORMATION_FORMAT = "dwarf-with-dsym";
				ENABLE_NS_ASSERTIONS = NO;
				ENABLE_STRICT_OBJC_MSGSEND = YES;
				GCC_C_LANGUAGE_STANDARD = gnu11;
				GCC_NO_COMMON_BLOCKS = YES;
				GCC_WARN_64_TO_32_BIT_CONVERSION = YES;
				GCC_WARN_ABOUT_RETURN_TYPE = YES_ERROR;
				GCC_WARN_UNDECLARED_SELECTOR = YES;
				GCC_WARN_UNINITIALIZED_AUTOS = YES_AGGRESSIVE;
				GCC_WARN_UNUSED_FUNCTION = YES;
				GCC_WARN_UNUSED_VARIABLE = YES;
				IPHONEOS_DEPLOYMENT_TARGET = 11.0;
				MTL_ENABLE_DEBUG_INFO = NO;
				SDKROOT = iphoneos;
				VALIDATE_PRODUCT = YES;
			};
			name = Release;
		};
		4F1569601F0A1E60005FA98F /* Debug */ = {
			isa = XCBuildConfiguration;
			buildSettings = {
				ASSETCATALOG_COMPILER_APPICON_NAME = AppIcon;
				DEVELOPMENT_TEAM = WU2WFZ2B66;
				INFOPLIST_FILE = "Runtime_ UserScene/Info.plist";
				IPHONEOS_DEPLOYMENT_TARGET = 8.0;
				LD_RUNPATH_SEARCH_PATHS = "$(inherited) @executable_path/Frameworks";
				PRODUCT_BUNDLE_IDENTIFIER = "com.hanccAuto.het.Runtime--UserScene";
				PRODUCT_NAME = "$(TARGET_NAME)";
				TARGETED_DEVICE_FAMILY = "1,2";
			};
			name = Debug;
		};
		4F1569611F0A1E60005FA98F /* Release */ = {
			isa = XCBuildConfiguration;
			buildSettings = {
				ASSETCATALOG_COMPILER_APPICON_NAME = AppIcon;
				DEVELOPMENT_TEAM = WU2WFZ2B66;
				INFOPLIST_FILE = "Runtime_ UserScene/Info.plist";
				IPHONEOS_DEPLOYMENT_TARGET = 8.0;
				LD_RUNPATH_SEARCH_PATHS = "$(inherited) @executable_path/Frameworks";
				PRODUCT_BUNDLE_IDENTIFIER = "com.hanccAuto.het.Runtime--UserScene";
				PRODUCT_NAME = "$(TARGET_NAME)";
				TARGETED_DEVICE_FAMILY = "1,2";
			};
			name = Release;
		};
/* End XCBuildConfiguration section */

/* Begin XCConfigurationList section */
		4F1569441F0A1E60005FA98F /* Build configuration list for PBXProject "Runtime_ UserScene" */ = {
			isa = XCConfigurationList;
			buildConfigurations = (
				4F15695D1F0A1E60005FA98F /* Debug */,
				4F15695E1F0A1E60005FA98F /* Release */,
			);
			defaultConfigurationIsVisible = 0;
			defaultConfigurationName = Release;
		};
		4F15695F1F0A1E60005FA98F /* Build configuration list for PBXNativeTarget "Runtime_ UserScene" */ = {
			isa = XCConfigurationList;
			buildConfigurations = (
				4F1569601F0A1E60005FA98F /* Debug */,
				4F1569611F0A1E60005FA98F /* Release */,
			);
			defaultConfigurationIsVisible = 0;
			defaultConfigurationName = Release;
		};
/* End XCConfigurationList section */
	};
	rootObject = 4F1569411F0A1E60005FA98F /* Project object */;
}
